<?xml version="1.0" encoding="utf-8"?>
<Project ToolsVersion="4.0" xmlns="http://schemas.microsoft.com/developer/msbuild/2003">
  <ItemGroup>
    <Filter Include="Source Files">
      <UniqueIdentifier>{4FC737F1-C7A5-4376-A066-2A32D752A2FF}</UniqueIdentifier>
      <Extensions>cpp;c;cc;cxx;c++;cppm;ixx;def;odl;idl;hpj;bat;asm;asmx</Extensions>
    </Filter>
    <Filter Include="Header Files">
      <UniqueIdentifier>{93995380-89BD-4b04-88EB-625FBE52EBFB}</UniqueIdentifier>
      <Extensions>h;hh;hpp;hxx;h++;hm;inl;inc;ipp;xsd</Extensions>
    </Filter>
    <Filter Include="Header Files\Resource Files">
      <UniqueIdentifier>{67DA6AB6-F800-4c08-8B7A-83BB121AAD01}</UniqueIdentifier>
      <Extensions>rc;ico;cur;bmp;dlg;rc2;rct;bin;rgs;gif;jpg;jpeg;jpe;resx;tiff;tif;png;wav;mfcribbon-ms</Extensions>
    </Filter>
  </ItemGroup>
  <ItemGroup>
    <ClCompile Include="MainProgram.cpp">
      <Filter>Source Files</Filter>
    </ClCompile>
    <ClCompile Include="point.cpp">
      <Filter>Source Files</Filter>
    </ClCompile>
    <ClCompile Include="enemy.cpp">
      <Filter>Source Files</Filter>
    </ClCompile>
    <ClCompile Include="bullet.cpp">
      <Filter>Source Files</Filter>
    </ClCompile>
    <ClCompile Include="tower.cpp">
      <Filter>Source Files</Filter>
    </ClCompile>
    <ClCompile Include="mapTowerDefense_Game.cpp">
      <Filter>Source Files</Filter>
    </ClCompile>
    <ClCompile Include="game.cpp">
      <Filter>Source Files</Filter>
    </ClCompile>
    <ClCompile Include="PathFinder.cpp">
      <Filter>Source Files</Filter>
    </ClCompile>
    <ClCompile Include="Resource_Management.cpp">
      <Filter>Source Files</Filter>
    </ClCompile>
    <ClCompile Include="WaveManager.cpp">
      <Filter>Source Files</Filter>
    </ClCompile>
    <ClCompile Include="TowerManager.cpp">
      <Filter>Source Files</Filter>
    </ClCompile>
    <ClCompile Include="BulletManager.cpp">
      <Filter>Source Files</Filter>
    </ClCompile>
    <ClCompile Include="mapManager.cpp">
      <Filter>Source Files</Filter>
    </ClCompile>
    <ClCompile Include="gameSate.h">
      <Filter>Header Files</Filter>
    </ClCompile>
    <ClCompile Include="GameSaver.cpp">
      <Filter>Source Files</Filter>
    </ClCompile>
    <ClCompile Include="Button.cpp">
      <Filter>Source Files</Filter>
    </ClCompile>
    <ClCompile Include="Sprite.cpp">
      <Filter>Source Files</Filter>
    </ClCompile>
    <ClCompile Include="LoseState.cpp">
      <Filter>Source Files</Filter>
    </ClCompile>
    <ClCompile Include="State.cpp">
      <Filter>Source Files</Filter>
    </ClCompile>
    <ClCompile Include="MainMenuState.cpp">
      <Filter>Source Files</Filter>
    </ClCompile>
    <ClCompile Include="MapSelectState.cpp">
      <Filter>Source Files</Filter>
    </ClCompile>
    <ClCompile Include="PlayState.cpp">
      <Filter>Source Files</Filter>
    </ClCompile>
    <ClCompile Include="PauseState.cpp">
      <Filter>Source Files</Filter>
    </ClCompile>
    <ClCompile Include="VictoryState.cpp">
      <Filter>Source Files</Filter>
    </ClCompile>
    <ClCompile Include="ISaveable.cpp">
      <Filter>Source Files</Filter>
    </ClCompile>
    <ClCompile Include="SaveSlotConfirmOverwriteState.cpp">
      <Filter>Source Files</Filter>
    </ClCompile>
    <ClCompile Include="SaveGameState.cpp">
      <Filter>Source Files</Filter>
    </ClCompile>
    <ClCompile Include="LoadGameState.cpp">
      <Filter>Source Files</Filter>
    </ClCompile>
    <ClCompile Include="Slider.cpp">
      <Filter>Source Files</Filter>
    </ClCompile>
    <ClCompile Include="SettingState.cpp">
      <Filter>Source Files</Filter>
    </ClCompile>
    <ClCompile Include="SoundManager.cpp">
      <Filter>Source Files</Filter>
    </ClCompile>
    <ClCompile Include="SaveSlotSuccessfulState.cpp">
      <Filter>Source Files</Filter>
    </ClCompile>
    <ClCompile Include="CountdownState.cpp">
      <Filter>Source Files</Filter>
    </ClCompile>
    <ClCompile Include="SoundSlider.cpp">
      <Filter>Source Files</Filter>
    </ClCompile>
    <ClCompile Include="MusicSlider.cpp">
      <Filter>Source Files</Filter>
    </ClCompile>
    <ClCompile Include="LoadingBeforePlayState.cpp">
      <Filter>Source Files</Filter>
    </ClCompile>
    <ClCompile Include="FreezeTower.cpp">
      <Filter>Source Files</Filter>
    </ClCompile>
    <ClCompile Include="DarkTower.cpp">
      <Filter>Source Files</Filter>
    </ClCompile>
    <ClCompile Include="ElectricTower.cpp">
      <Filter>Source Files</Filter>
    </ClCompile>
    <ClCompile Include="FlameTower.cpp">
      <Filter>Source Files</Filter>
    </ClCompile>
  </ItemGroup>
  <ItemGroup>
    <ClInclude Include="point.h">
      <Filter>Header Files</Filter>
    </ClInclude>
    <ClInclude Include="enemy.h">
      <Filter>Header Files</Filter>
    </ClInclude>
    <ClInclude Include="bullet.h">
      <Filter>Header Files</Filter>
    </ClInclude>
    <ClInclude Include="tower.h">
      <Filter>Header Files</Filter>
    </ClInclude>
    <ClInclude Include="mapTowerDefense_Game.h">
      <Filter>Header Files</Filter>
    </ClInclude>
    <ClInclude Include="game.h">
      <Filter>Header Files</Filter>
    </ClInclude>
    <ClInclude Include="PathFinder.h">
      <Filter>Header Files</Filter>
    </ClInclude>
    <ClInclude Include="Resource_Management.h">
      <Filter>Header Files</Filter>
    </ClInclude>
    <ClInclude Include="WaveManager.h">
      <Filter>Header Files</Filter>
    </ClInclude>
    <ClInclude Include="TowerManager.h">
      <Filter>Header Files</Filter>
    </ClInclude>
    <ClInclude Include="BulletManager.h">
      <Filter>Header Files</Filter>
    </ClInclude>
    <ClInclude Include="MathHelpers.h">
      <Filter>Header Files</Filter>
    </ClInclude>
    <ClInclude Include="mapManager.h">
      <Filter>Header Files</Filter>
    </ClInclude>
    <ClInclude Include="GameSaver.h">
      <Filter>Header Files</Filter>
    </ClInclude>
    <ClInclude Include="Button.h">
      <Filter>Header Files</Filter>
    </ClInclude>
    <ClInclude Include="Sprite.h">
      <Filter>Header Files</Filter>
    </ClInclude>
    <ClInclude Include="LoseState.h">
      <Filter>Header Files</Filter>
    </ClInclude>
    <ClInclude Include="State.h">
      <Filter>Header Files</Filter>
    </ClInclude>
    <ClInclude Include="MainMenuState.h">
      <Filter>Header Files</Filter>
    </ClInclude>
    <ClInclude Include="MapSelectState.h">
      <Filter>Header Files</Filter>
    </ClInclude>
    <ClInclude Include="PlayState.h">
      <Filter>Header Files</Filter>
    </ClInclude>
    <ClInclude Include="PauseState.h">
      <Filter>Header Files</Filter>
    </ClInclude>
    <ClInclude Include="VictoryState.h">
      <Filter>Header Files</Filter>
    </ClInclude>
    <ClInclude Include="ISaveable.h">
      <Filter>Header Files</Filter>
    </ClInclude>
    <ClInclude Include="SaveSlotConfirmOverwriteState.h">
      <Filter>Header Files</Filter>
    </ClInclude>
    <ClInclude Include="SaveGameState.h">
      <Filter>Header Files</Filter>
    </ClInclude>
    <ClInclude Include="LoadGameState.h">
      <Filter>Header Files</Filter>
    </ClInclude>
    <ClInclude Include="Slider.h">
      <Filter>Header Files</Filter>
    </ClInclude>
    <ClInclude Include="SettingState.h">
      <Filter>Header Files</Filter>
    </ClInclude>
    <ClInclude Include="SoundManager.h">
      <Filter>Header Files</Filter>
    </ClInclude>
    <ClInclude Include="SaveSlotSuccessfulState.h">
      <Filter>Header Files</Filter>
    </ClInclude>
    <ClInclude Include="CountdownState.h">
      <Filter>Header Files</Filter>
    </ClInclude>
    <ClInclude Include="SoundSlider.h">
      <Filter>Header Files</Filter>
    </ClInclude>
    <ClInclude Include="MusicSlider.h">
      <Filter>Header Files</Filter>
    </ClInclude>
    <ClInclude Include="LoadingBeforePlayState.h">
      <Filter>Header Files</Filter>
    </ClInclude>
    <ClInclude Include="FreezeTower.h">
      <Filter>Header Files</Filter>
    </ClInclude>
    <ClInclude Include="DarkTower.h">
      <Filter>Header Files</Filter>
    </ClInclude>
    <ClInclude Include="ElectricTower.h">
      <Filter>Header Files</Filter>
    </ClInclude>
    <ClInclude Include="FlameTower.h">
      <Filter>Header Files</Filter>
    </ClInclude>
  </ItemGroup>
</Project>